
Microsoft Visual Studio Solution File, Format Version 12.00
# Visual Studio Version 17
VisualStudioVersion = 17.6.33815.320
MinimumVisualStudioVersion = 10.0.40219.1
Project("{9A19103F-16F7-4668-BE54-9A1E7A4F7556}") = "BaoXia.Utils", "BaoXia.Utils\BaoXia.Utils.csproj", "{5F147045-E777-4C6D-9C1A-392EA92B2FB5}"
EndProject
Project("{9A19103F-16F7-4668-BE54-9A1E7A4F7556}") = "BaoXia.Utils.Test", "BaoXia.Utils.Test\BaoXia.Utils.Test.csproj", "{14712BC4-B05F-4344-9D53-3C47E271EB98}"
EndProject
Project("{9A19103F-16F7-4668-BE54-9A1E7A4F7556}") = "BaoXia.Utils.Test.DotNet7.MVC", "BaoXia.Utils.Test.DotNet7.MVC\BaoXia.Utils.Test.DotNet7.MVC.csproj", "{9D16EBFC-BF98-4C2E-89FD-7E2BD8A8B883}"
EndProject
Project("{FAE04EC0-301F-11D3-BF4B-00C04F79EFBC}") = "BaoXia.Utils.Test.DotNet8.MVC", "BaoXia.Utils.Test.DotNet8.MVC\BaoXia.Utils.Test.DotNet8.MVC.csproj", "{10D59FC2-ED0C-494B-85D0-713C59F4AB8F}"
EndProject
Global
	GlobalSection(SolutionConfigurationPlatforms) = preSolution
		Debug|Any CPU = Debug|Any CPU
		Release|Any CPU = Release|Any CPU
	EndGlobalSection
	GlobalSection(ProjectConfigurationPlatforms) = postSolution
		{5F147045-E777-4C6D-9C1A-392EA92B2FB5}.Debug|Any CPU.ActiveCfg = Debug|Any CPU
		{5F147045-E777-4C6D-9C1A-392EA92B2FB5}.Debug|Any CPU.Build.0 = Debug|Any CPU
		{5F147045-E777-4C6D-9C1A-392EA92B2FB5}.Release|Any CPU.ActiveCfg = Release|Any CPU
		{5F147045-E777-4C6D-9C1A-392EA92B2FB5}.Release|Any CPU.Build.0 = Release|Any CPU
		{14712BC4-B05F-4344-9D53-3C47E271EB98}.Debug|Any CPU.ActiveCfg = Debug|Any CPU
		{14712BC4-B05F-4344-9D53-3C47E271EB98}.Debug|Any CPU.Build.0 = Debug|Any CPU
		{14712BC4-B05F-4344-9D53-3C47E271EB98}.Release|Any CPU.ActiveCfg = Release|Any CPU
		{14712BC4-B05F-4344-9D53-3C47E271EB98}.Release|Any CPU.Build.0 = Release|Any CPU
		{9D16EBFC-BF98-4C2E-89FD-7E2BD8A8B883}.Debug|Any CPU.ActiveCfg = Debug|Any CPU
		{9D16EBFC-BF98-4C2E-89FD-7E2BD8A8B883}.Debug|Any CPU.Build.0 = Debug|Any CPU
		{9D16EBFC-BF98-4C2E-89FD-7E2BD8A8B883}.Release|Any CPU.ActiveCfg = Release|Any CPU
		{9D16EBFC-BF98-4C2E-89FD-7E2BD8A8B883}.Release|Any CPU.Build.0 = Release|Any CPU
		{10D59FC2-ED0C-494B-85D0-713C59F4AB8F}.Debug|Any CPU.ActiveCfg = Debug|Any CPU
		{10D59FC2-ED0C-494B-85D0-713C59F4AB8F}.Debug|Any CPU.Build.0 = Debug|Any CPU
		{10D59FC2-ED0C-494B-85D0-713C59F4AB8F}.Release|Any CPU.ActiveCfg = Release|Any CPU
		{10D59FC2-ED0C-494B-85D0-713C59F4AB8F}.Release|Any CPU.Build.0 = Release|Any CPU
	EndGlobalSection
	GlobalSection(SolutionProperties) = preSolution
		HideSolutionNode = FALSE
	EndGlobalSection
	GlobalSection(ExtensibilityGlobals) = postSolution
		SolutionGuid = {52D8CE3C-3B61-41EA-819E-D1928CEC0DD3}
	EndGlobalSection
	GlobalSection(MonoDevelopProperties) = preSolution
		version = 1.1.10
	EndGlobalSection
EndGlobal
